// !$*UTF8*$!
{
	archiveVersion = 1;
	classes = {
	};
	objectVersion = 56;
	objects = {

/* Begin PBXBuildFile section */
		083D6DCC2B0FC80200042D12 /* DashboradView.swift in Sources */ = {isa = PBXBuildFile; fileRef = 083D6DCB2B0FC80200042D12 /* DashboradView.swift */; };
		087B7BA62AFBEB7900931FE4 /* CommunityMain.swift in Sources */ = {isa = PBXBuildFile; fileRef = 087B7BA52AFBEB7900931FE4 /* CommunityMain.swift */; };
		088934902B011E8C00FDC1F1 /* CommunityReplys.swift in Sources */ = {isa = PBXBuildFile; fileRef = 0889348F2B011E8C00FDC1F1 /* CommunityReplys.swift */; };
		08B2FE562AF585D300DAF51E /* Dashborad.swift in Sources */ = {isa = PBXBuildFile; fileRef = 08B2FE552AF585D300DAF51E /* Dashborad.swift */; };
		08B2FE592AF590FC00DAF51E /* Profile.swift in Sources */ = {isa = PBXBuildFile; fileRef = 08B2FE582AF590FC00DAF51E /* Profile.swift */; };
		08B7D5562AF2DC4900851FD5 /* Root.swift in Sources */ = {isa = PBXBuildFile; fileRef = 08B7D5552AF2DC4900851FD5 /* Root.swift */; };
		08B7D5582AF2DC4900851FD5 /* ContentView.swift in Sources */ = {isa = PBXBuildFile; fileRef = 08B7D5572AF2DC4900851FD5 /* ContentView.swift */; };
		08B7D55A2AF2DC4A00851FD5 /* Assets.xcassets in Resources */ = {isa = PBXBuildFile; fileRef = 08B7D5592AF2DC4A00851FD5 /* Assets.xcassets */; };
		08B7D55D2AF2DC4A00851FD5 /* Preview Assets.xcassets in Resources */ = {isa = PBXBuildFile; fileRef = 08B7D55C2AF2DC4A00851FD5 /* Preview Assets.xcassets */; };
		08B7D5652AF2DC7800851FD5 /* SplashModule.swift in Sources */ = {isa = PBXBuildFile; fileRef = 08B7D5642AF2DC7800851FD5 /* SplashModule.swift */; };
		08B7D57A2AF2E2BB00851FD5 /* Poppins-Medium.ttf in Resources */ = {isa = PBXBuildFile; fileRef = 08B7D5682AF2E2BB00851FD5 /* Poppins-Medium.ttf */; };
		08B7D57B2AF2E2BB00851FD5 /* Poppins-ExtraLight.ttf in Resources */ = {isa = PBXBuildFile; fileRef = 08B7D5692AF2E2BB00851FD5 /* Poppins-ExtraLight.ttf */; };
		08B7D57C2AF2E2BB00851FD5 /* Poppins-ExtraLightItalic.ttf in Resources */ = {isa = PBXBuildFile; fileRef = 08B7D56A2AF2E2BB00851FD5 /* Poppins-ExtraLightItalic.ttf */; };
		08B7D57D2AF2E2BB00851FD5 /* Poppins-SemiBoldItalic.ttf in Resources */ = {isa = PBXBuildFile; fileRef = 08B7D56B2AF2E2BB00851FD5 /* Poppins-SemiBoldItalic.ttf */; };
		08B7D57E2AF2E2BB00851FD5 /* Poppins-Bold.ttf in Resources */ = {isa = PBXBuildFile; fileRef = 08B7D56C2AF2E2BB00851FD5 /* Poppins-Bold.ttf */; };
		08B7D57F2AF2E2BB00851FD5 /* Poppins-ExtraBold.ttf in Resources */ = {isa = PBXBuildFile; fileRef = 08B7D56D2AF2E2BB00851FD5 /* Poppins-ExtraBold.ttf */; };
		08B7D5802AF2E2BB00851FD5 /* Poppins-BlackItalic.ttf in Resources */ = {isa = PBXBuildFile; fileRef = 08B7D56E2AF2E2BB00851FD5 /* Poppins-BlackItalic.ttf */; };
		08B7D5812AF2E2BB00851FD5 /* Poppins-Black.ttf in Resources */ = {isa = PBXBuildFile; fileRef = 08B7D56F2AF2E2BB00851FD5 /* Poppins-Black.ttf */; };
		08B7D5822AF2E2BB00851FD5 /* Poppins-Light.ttf in Resources */ = {isa = PBXBuildFile; fileRef = 08B7D5702AF2E2BB00851FD5 /* Poppins-Light.ttf */; };
		08B7D5832AF2E2BB00851FD5 /* Poppins-SemiBold.ttf in Resources */ = {isa = PBXBuildFile; fileRef = 08B7D5712AF2E2BB00851FD5 /* Poppins-SemiBold.ttf */; };
		08B7D5842AF2E2BB00851FD5 /* Poppins-ThinItalic.ttf in Resources */ = {isa = PBXBuildFile; fileRef = 08B7D5722AF2E2BB00851FD5 /* Poppins-ThinItalic.ttf */; };
		08B7D5852AF2E2BB00851FD5 /* Poppins-Italic.ttf in Resources */ = {isa = PBXBuildFile; fileRef = 08B7D5732AF2E2BB00851FD5 /* Poppins-Italic.ttf */; };
		08B7D5862AF2E2BB00851FD5 /* Poppins-ExtraBoldItalic.ttf in Resources */ = {isa = PBXBuildFile; fileRef = 08B7D5742AF2E2BB00851FD5 /* Poppins-ExtraBoldItalic.ttf */; };
		08B7D5872AF2E2BB00851FD5 /* Poppins-BoldItalic.ttf in Resources */ = {isa = PBXBuildFile; fileRef = 08B7D5752AF2E2BB00851FD5 /* Poppins-BoldItalic.ttf */; };
		08B7D5882AF2E2BB00851FD5 /* Poppins-LightItalic.ttf in Resources */ = {isa = PBXBuildFile; fileRef = 08B7D5762AF2E2BB00851FD5 /* Poppins-LightItalic.ttf */; };
		08B7D5892AF2E2BB00851FD5 /* Poppins-MediumItalic.ttf in Resources */ = {isa = PBXBuildFile; fileRef = 08B7D5772AF2E2BB00851FD5 /* Poppins-MediumItalic.ttf */; };
		08B7D58A2AF2E2BB00851FD5 /* Poppins-Regular.ttf in Resources */ = {isa = PBXBuildFile; fileRef = 08B7D5782AF2E2BB00851FD5 /* Poppins-Regular.ttf */; };
		08B7D58B2AF2E2BB00851FD5 /* Poppins-Thin.ttf in Resources */ = {isa = PBXBuildFile; fileRef = 08B7D5792AF2E2BB00851FD5 /* Poppins-Thin.ttf */; };
		08C2DE802B05517900D72998 /* CommunityCell.swift in Sources */ = {isa = PBXBuildFile; fileRef = 08C2DE7F2B05517900D72998 /* CommunityCell.swift */; };
/* End PBXBuildFile section */

/* Begin PBXFileReference section */
		083D6DCB2B0FC80200042D12 /* DashboradView.swift */ = {isa = PBXFileReference; lastKnownFileType = sourcecode.swift; path = DashboradView.swift; sourceTree = "<group>"; };
		087B7BA52AFBEB7900931FE4 /* CommunityMain.swift */ = {isa = PBXFileReference; lastKnownFileType = sourcecode.swift; path = CommunityMain.swift; sourceTree = "<group>"; };
		0889348F2B011E8C00FDC1F1 /* CommunityReplys.swift */ = {isa = PBXFileReference; lastKnownFileType = sourcecode.swift; path = CommunityReplys.swift; sourceTree = "<group>"; };
		08B2FE552AF585D300DAF51E /* Dashborad.swift */ = {isa = PBXFileReference; lastKnownFileType = sourcecode.swift; path = Dashborad.swift; sourceTree = "<group>"; };
		08B2FE582AF590FC00DAF51E /* Profile.swift */ = {isa = PBXFileReference; lastKnownFileType = sourcecode.swift; path = Profile.swift; sourceTree = "<group>"; };
		08B7D5522AF2DC4900851FD5 /* SGI-Driver-Test.app */ = {isa = PBXFileReference; explicitFileType = wrapper.application; includeInIndex = 0; path = "SGI-Driver-Test.app"; sourceTree = BUILT_PRODUCTS_DIR; };
		08B7D5552AF2DC4900851FD5 /* Root.swift */ = {isa = PBXFileReference; lastKnownFileType = sourcecode.swift; path = Root.swift; sourceTree = "<group>"; };
		08B7D5572AF2DC4900851FD5 /* ContentView.swift */ = {isa = PBXFileReference; lastKnownFileType = sourcecode.swift; path = ContentView.swift; sourceTree = "<group>"; };
		08B7D5592AF2DC4A00851FD5 /* Assets.xcassets */ = {isa = PBXFileReference; lastKnownFileType = folder.assetcatalog; path = Assets.xcassets; sourceTree = "<group>"; };
		08B7D55C2AF2DC4A00851FD5 /* Preview Assets.xcassets */ = {isa = PBXFileReference; lastKnownFileType = folder.assetcatalog; path = "Preview Assets.xcassets"; sourceTree = "<group>"; };
		08B7D5642AF2DC7800851FD5 /* SplashModule.swift */ = {isa = PBXFileReference; lastKnownFileType = sourcecode.swift; path = SplashModule.swift; sourceTree = "<group>"; };
		08B7D5662AF2DEAB00851FD5 /* Info.plist */ = {isa = PBXFileReference; lastKnownFileType = text.plist; path = Info.plist; sourceTree = "<group>"; };
		08B7D5682AF2E2BB00851FD5 /* Poppins-Medium.ttf */ = {isa = PBXFileReference; lastKnownFileType = file; name = "Poppins-Medium.ttf"; path = "Font/Poppins/Poppins-Medium.ttf"; sourceTree = SOURCE_ROOT; };
		08B7D5692AF2E2BB00851FD5 /* Poppins-ExtraLight.ttf */ = {isa = PBXFileReference; lastKnownFileType = file; name = "Poppins-ExtraLight.ttf"; path = "Font/Poppins/Poppins-ExtraLight.ttf"; sourceTree = SOURCE_ROOT; };
		08B7D56A2AF2E2BB00851FD5 /* Poppins-ExtraLightItalic.ttf */ = {isa = PBXFileReference; lastKnownFileType = file; name = "Poppins-ExtraLightItalic.ttf"; path = "Font/Poppins/Poppins-ExtraLightItalic.ttf"; sourceTree = SOURCE_ROOT; };
		08B7D56B2AF2E2BB00851FD5 /* Poppins-SemiBoldItalic.ttf */ = {isa = PBXFileReference; lastKnownFileType = file; name = "Poppins-SemiBoldItalic.ttf"; path = "Font/Poppins/Poppins-SemiBoldItalic.ttf"; sourceTree = SOURCE_ROOT; };
		08B7D56C2AF2E2BB00851FD5 /* Poppins-Bold.ttf */ = {isa = PBXFileReference; lastKnownFileType = file; name = "Poppins-Bold.ttf"; path = "Font/Poppins/Poppins-Bold.ttf"; sourceTree = SOURCE_ROOT; };
		08B7D56D2AF2E2BB00851FD5 /* Poppins-ExtraBold.ttf */ = {isa = PBXFileReference; lastKnownFileType = file; name = "Poppins-ExtraBold.ttf"; path = "Font/Poppins/Poppins-ExtraBold.ttf"; sourceTree = SOURCE_ROOT; };
		08B7D56E2AF2E2BB00851FD5 /* Poppins-BlackItalic.ttf */ = {isa = PBXFileReference; lastKnownFileType = file; name = "Poppins-BlackItalic.ttf"; path = "Font/Poppins/Poppins-BlackItalic.ttf"; sourceTree = SOURCE_ROOT; };
		08B7D56F2AF2E2BB00851FD5 /* Poppins-Black.ttf */ = {isa = PBXFileReference; lastKnownFileType = file; name = "Poppins-Black.ttf"; path = "Font/Poppins/Poppins-Black.ttf"; sourceTree = SOURCE_ROOT; };
		08B7D5702AF2E2BB00851FD5 /* Poppins-Light.ttf */ = {isa = PBXFileReference; lastKnownFileType = file; name = "Poppins-Light.ttf"; path = "Font/Poppins/Poppins-Light.ttf"; sourceTree = SOURCE_ROOT; };
		08B7D5712AF2E2BB00851FD5 /* Poppins-SemiBold.ttf */ = {isa = PBXFileReference; lastKnownFileType = file; name = "Poppins-SemiBold.ttf"; path = "Font/Poppins/Poppins-SemiBold.ttf"; sourceTree = SOURCE_ROOT; };
		08B7D5722AF2E2BB00851FD5 /* Poppins-ThinItalic.ttf */ = {isa = PBXFileReference; lastKnownFileType = file; name = "Poppins-ThinItalic.ttf"; path = "Font/Poppins/Poppins-ThinItalic.ttf"; sourceTree = SOURCE_ROOT; };
		08B7D5732AF2E2BB00851FD5 /* Poppins-Italic.ttf */ = {isa = PBXFileReference; lastKnownFileType = file; name = "Poppins-Italic.ttf"; path = "Font/Poppins/Poppins-Italic.ttf"; sourceTree = SOURCE_ROOT; };
		08B7D5742AF2E2BB00851FD5 /* Poppins-ExtraBoldItalic.ttf */ = {isa = PBXFileReference; lastKnownFileType = file; name = "Poppins-ExtraBoldItalic.ttf"; path = "Font/Poppins/Poppins-ExtraBoldItalic.ttf"; sourceTree = SOURCE_ROOT; };
		08B7D5752AF2E2BB00851FD5 /* Poppins-BoldItalic.ttf */ = {isa = PBXFileReference; lastKnownFileType = file; name = "Poppins-BoldItalic.ttf"; path = "Font/Poppins/Poppins-BoldItalic.ttf"; sourceTree = SOURCE_ROOT; };
		08B7D5762AF2E2BB00851FD5 /* Poppins-LightItalic.ttf */ = {isa = PBXFileReference; lastKnownFileType = file; name = "Poppins-LightItalic.ttf"; path = "Font/Poppins/Poppins-LightItalic.ttf"; sourceTree = SOURCE_ROOT; };
		08B7D5772AF2E2BB00851FD5 /* Poppins-MediumItalic.ttf */ = {isa = PBXFileReference; lastKnownFileType = file; name = "Poppins-MediumItalic.ttf"; path = "Font/Poppins/Poppins-MediumItalic.ttf"; sourceTree = SOURCE_ROOT; };
		08B7D5782AF2E2BB00851FD5 /* Poppins-Regular.ttf */ = {isa = PBXFileReference; lastKnownFileType = file; name = "Poppins-Regular.ttf"; path = "Font/Poppins/Poppins-Regular.ttf"; sourceTree = SOURCE_ROOT; };
		08B7D5792AF2E2BB00851FD5 /* Poppins-Thin.ttf */ = {isa = PBXFileReference; lastKnownFileType = file; name = "Poppins-Thin.ttf"; path = "Font/Poppins/Poppins-Thin.ttf"; sourceTree = SOURCE_ROOT; };
		08C2DE7F2B05517900D72998 /* CommunityCell.swift */ = {isa = PBXFileReference; lastKnownFileType = sourcecode.swift; path = CommunityCell.swift; sourceTree = "<group>"; };
/* End PBXFileReference section */

/* Begin PBXFrameworksBuildPhase section */
		08B7D54F2AF2DC4900851FD5 /* Frameworks */ = {
			isa = PBXFrameworksBuildPhase;
			buildActionMask = 2147483647;
			files = (
			);
			runOnlyForDeploymentPostprocessing = 0;
		};
/* End PBXFrameworksBuildPhase section */

/* Begin PBXGroup section */
		083D6DC82B0FC7EB00042D12 /* Dashborad */ = {
			isa = PBXGroup;
			children = (
				083D6DCB2B0FC80200042D12 /* DashboradView.swift */,
			);
			path = Dashborad;
			sourceTree = "<group>";
		};
		087B7BA42AFBEAE200931FE4 /* Community */ = {
			isa = PBXGroup;
			children = (
				087B7BA52AFBEB7900931FE4 /* CommunityMain.swift */,
				0889348F2B011E8C00FDC1F1 /* CommunityReplys.swift */,
				08C2DE7F2B05517900D72998 /* CommunityCell.swift */,
			);
			path = Community;
			sourceTree = "<group>";
		};
		08B2FE542AF585C000DAF51E /* Tabbar */ = {
			isa = PBXGroup;
			children = (
				08B2FE552AF585D300DAF51E /* Dashborad.swift */,
			);
			path = Tabbar;
			sourceTree = "<group>";
		};
		08B2FE572AF590F000DAF51E /* Profile */ = {
			isa = PBXGroup;
			children = (
				08B2FE582AF590FC00DAF51E /* Profile.swift */,
			);
			path = Profile;
			sourceTree = "<group>";
		};
		08B7D5492AF2DC4900851FD5 = {
			isa = PBXGroup;
			children = (
				08B7D5542AF2DC4900851FD5 /* SGI-Driver-Test */,
				08B7D5532AF2DC4900851FD5 /* Products */,
			);
			sourceTree = "<group>";
		};
		08B7D5532AF2DC4900851FD5 /* Products */ = {
			isa = PBXGroup;
			children = (
				08B7D5522AF2DC4900851FD5 /* SGI-Driver-Test.app */,
			);
			name = Products;
			sourceTree = "<group>";
		};
		08B7D5542AF2DC4900851FD5 /* SGI-Driver-Test */ = {
			isa = PBXGroup;
			children = (
				083D6DC82B0FC7EB00042D12 /* Dashborad */,
				087B7BA42AFBEAE200931FE4 /* Community */,
				08B2FE572AF590F000DAF51E /* Profile */,
				08B2FE542AF585C000DAF51E /* Tabbar */,
				08B7D5672AF2E2AC00851FD5 /* Fonts */,
				08B7D5662AF2DEAB00851FD5 /* Info.plist */,
				08B7D5632AF2DC6A00851FD5 /* Splash */,
				08B7D5552AF2DC4900851FD5 /* Root.swift */,
				08B7D5572AF2DC4900851FD5 /* ContentView.swift */,
				08B7D5592AF2DC4A00851FD5 /* Assets.xcassets */,
				08B7D55B2AF2DC4A00851FD5 /* Preview Content */,
			);
			path = "SGI-Driver-Test";
			sourceTree = "<group>";
		};
		08B7D55B2AF2DC4A00851FD5 /* Preview Content */ = {
			isa = PBXGroup;
			children = (
				08B7D55C2AF2DC4A00851FD5 /* Preview Assets.xcassets */,
			);
			path = "Preview Content";
			sourceTree = "<group>";
		};
		08B7D5632AF2DC6A00851FD5 /* Splash */ = {
			isa = PBXGroup;
			children = (
				08B7D5642AF2DC7800851FD5 /* SplashModule.swift */,
			);
			path = Splash;
			sourceTree = "<group>";
		};
		08B7D5672AF2E2AC00851FD5 /* Fonts */ = {
			isa = PBXGroup;
			children = (
				08B7D56F2AF2E2BB00851FD5 /* Poppins-Black.ttf */,
				08B7D56E2AF2E2BB00851FD5 /* Poppins-BlackItalic.ttf */,
				08B7D56C2AF2E2BB00851FD5 /* Poppins-Bold.ttf */,
				08B7D5752AF2E2BB00851FD5 /* Poppins-BoldItalic.ttf */,
				08B7D56D2AF2E2BB00851FD5 /* Poppins-ExtraBold.ttf */,
				08B7D5742AF2E2BB00851FD5 /* Poppins-ExtraBoldItalic.ttf */,
				08B7D5692AF2E2BB00851FD5 /* Poppins-ExtraLight.ttf */,
				08B7D56A2AF2E2BB00851FD5 /* Poppins-ExtraLightItalic.ttf */,
				08B7D5732AF2E2BB00851FD5 /* Poppins-Italic.ttf */,
				08B7D5702AF2E2BB00851FD5 /* Poppins-Light.ttf */,
				08B7D5762AF2E2BB00851FD5 /* Poppins-LightItalic.ttf */,
				08B7D5682AF2E2BB00851FD5 /* Poppins-Medium.ttf */,
				08B7D5772AF2E2BB00851FD5 /* Poppins-MediumItalic.ttf */,
				08B7D5782AF2E2BB00851FD5 /* Poppins-Regular.ttf */,
				08B7D5712AF2E2BB00851FD5 /* Poppins-SemiBold.ttf */,
				08B7D56B2AF2E2BB00851FD5 /* Poppins-SemiBoldItalic.ttf */,
				08B7D5792AF2E2BB00851FD5 /* Poppins-Thin.ttf */,
				08B7D5722AF2E2BB00851FD5 /* Poppins-ThinItalic.ttf */,
			);
			path = Fonts;
			sourceTree = "<group>";
		};
/* End PBXGroup section */

/* Begin PBXNativeTarget section */
		08B7D5512AF2DC4900851FD5 /* SGI-Driver-Test */ = {
			isa = PBXNativeTarget;
			buildConfigurationList = 08B7D5602AF2DC4A00851FD5 /* Build configuration list for PBXNativeTarget "SGI-Driver-Test" */;
			buildPhases = (
				08B7D54E2AF2DC4900851FD5 /* Sources */,
				08B7D54F2AF2DC4900851FD5 /* Frameworks */,
				08B7D5502AF2DC4900851FD5 /* Resources */,
			);
			buildRules = (
			);
			dependencies = (
			);
			name = "SGI-Driver-Test";
			productName = "SGI-Driver-Test";
			productReference = 08B7D5522AF2DC4900851FD5 /* SGI-Driver-Test.app */;
			productType = "com.apple.product-type.application";
		};
/* End PBXNativeTarget section */

/* Begin PBXProject section */
		08B7D54A2AF2DC4900851FD5 /* Project object */ = {
			isa = PBXProject;
			attributes = {
				BuildIndependentTargetsInParallel = 1;
				LastSwiftUpdateCheck = 1500;
				LastUpgradeCheck = 1500;
				TargetAttributes = {
					08B7D5512AF2DC4900851FD5 = {
						CreatedOnToolsVersion = 15.0.1;
					};
				};
			};
			buildConfigurationList = 08B7D54D2AF2DC4900851FD5 /* Build configuration list for PBXProject "SGI-Driver-Test" */;
			compatibilityVersion = "Xcode 14.0";
			developmentRegion = en;
			hasScannedForEncodings = 0;
			knownRegions = (
				en,
				Base,
			);
			mainGroup = 08B7D5492AF2DC4900851FD5;
			productRefGroup = 08B7D5532AF2DC4900851FD5 /* Products */;
			projectDirPath = "";
			projectRoot = "";
			targets = (
				08B7D5512AF2DC4900851FD5 /* SGI-Driver-Test */,
			);
		};
/* End PBXProject section */

/* Begin PBXResourcesBuildPhase section */
		08B7D5502AF2DC4900851FD5 /* Resources */ = {
			isa = PBXResourcesBuildPhase;
			buildActionMask = 2147483647;
			files = (
				08B7D5882AF2E2BB00851FD5 /* Poppins-LightItalic.ttf in Resources */,
				08B7D57B2AF2E2BB00851FD5 /* Poppins-ExtraLight.ttf in Resources */,
				08B7D57A2AF2E2BB00851FD5 /* Poppins-Medium.ttf in Resources */,
				08B7D5852AF2E2BB00851FD5 /* Poppins-Italic.ttf in Resources */,
				08B7D57E2AF2E2BB00851FD5 /* Poppins-Bold.ttf in Resources */,
				08B7D57C2AF2E2BB00851FD5 /* Poppins-ExtraLightItalic.ttf in Resources */,
				08B7D5812AF2E2BB00851FD5 /* Poppins-Black.ttf in Resources */,
				08B7D5892AF2E2BB00851FD5 /* Poppins-MediumItalic.ttf in Resources */,
				08B7D57F2AF2E2BB00851FD5 /* Poppins-ExtraBold.ttf in Resources */,
				08B7D58B2AF2E2BB00851FD5 /* Poppins-Thin.ttf in Resources */,
				08B7D55D2AF2DC4A00851FD5 /* Preview Assets.xcassets in Resources */,
				08B7D55A2AF2DC4A00851FD5 /* Assets.xcassets in Resources */,
				08B7D5862AF2E2BB00851FD5 /* Poppins-ExtraBoldItalic.ttf in Resources */,
				08B7D5802AF2E2BB00851FD5 /* Poppins-BlackItalic.ttf in Resources */,
				08B7D5832AF2E2BB00851FD5 /* Poppins-SemiBold.ttf in Resources */,
				08B7D5842AF2E2BB00851FD5 /* Poppins-ThinItalic.ttf in Resources */,
				08B7D5822AF2E2BB00851FD5 /* Poppins-Light.ttf in Resources */,
				08B7D57D2AF2E2BB00851FD5 /* Poppins-SemiBoldItalic.ttf in Resources */,
				08B7D58A2AF2E2BB00851FD5 /* Poppins-Regular.ttf in Resources */,
				08B7D5872AF2E2BB00851FD5 /* Poppins-BoldItalic.ttf in Resources */,
			);
			runOnlyForDeploymentPostprocessing = 0;
		};
/* End PBXResourcesBuildPhase section */

/* Begin PBXSourcesBuildPhase section */
		08B7D54E2AF2DC4900851FD5 /* Sources */ = {
			isa = PBXSourcesBuildPhase;
			buildActionMask = 2147483647;
			files = (
				08B7D5652AF2DC7800851FD5 /* SplashModule.swift in Sources */,
				08B2FE592AF590FC00DAF51E /* Profile.swift in Sources */,
				083D6DCC2B0FC80200042D12 /* DashboradView.swift in Sources */,
				08B7D5582AF2DC4900851FD5 /* ContentView.swift in Sources */,
				08C2DE802B05517900D72998 /* CommunityCell.swift in Sources */,
				087B7BA62AFBEB7900931FE4 /* CommunityMain.swift in Sources */,
				088934902B011E8C00FDC1F1 /* CommunityReplys.swift in Sources */,
				08B2FE562AF585D300DAF51E /* Dashborad.swift in Sources */,
				08B7D5562AF2DC4900851FD5 /* Root.swift in Sources */,
			);
			runOnlyForDeploymentPostprocessing = 0;
		};
/* End PBXSourcesBuildPhase section */

/* Begin XCBuildConfiguration section */
		08B7D55E2AF2DC4A00851FD5 /* Debug */ = {
			isa = XCBuildConfiguration;
			buildSettings = {
				ALWAYS_SEARCH_USER_PATHS = NO;
				ASSETCATALOG_COMPILER_GENERATE_SWIFT_ASSET_SYMBOL_EXTENSIONS = YES;
				CLANG_ANALYZER_NONNULL = YES;
				CLANG_ANALYZER_NUMBER_OBJECT_CONVERSION = YES_AGGRESSIVE;
				CLANG_CXX_LANGUAGE_STANDARD = "gnu++20";
				CLANG_ENABLE_MODULES = YES;
				CLANG_ENABLE_OBJC_ARC = YES;
				CLANG_ENABLE_OBJC_WEAK = YES;
				CLANG_WARN_BLOCK_CAPTURE_AUTORELEASING = YES;
				CLANG_WARN_BOOL_CONVERSION = YES;
				CLANG_WARN_COMMA = YES;
				CLANG_WARN_CONSTANT_CONVERSION = YES;
				CLANG_WARN_DEPRECATED_OBJC_IMPLEMENTATIONS = YES;
				CLANG_WARN_DIRECT_OBJC_ISA_USAGE = YES_ERROR;
				CLANG_WARN_DOCUMENTATION_COMMENTS = YES;
				CLANG_WARN_EMPTY_BODY = YES;
				CLANG_WARN_ENUM_CONVERSION = YES;
				CLANG_WARN_INFINITE_RECURSION = YES;
				CLANG_WARN_INT_CONVERSION = YES;
				CLANG_WARN_NON_LITERAL_NULL_CONVERSION = YES;
				CLANG_WARN_OBJC_IMPLICIT_RETAIN_SELF = YES;
				CLANG_WARN_OBJC_LITERAL_CONVERSION = YES;
				CLANG_WARN_OBJC_ROOT_CLASS = YES_ERROR;
				CLANG_WARN_QUOTED_INCLUDE_IN_FRAMEWORK_HEADER = YES;
				CLANG_WARN_RANGE_LOOP_ANALYSIS = YES;
				CLANG_WARN_STRICT_PROTOTYPES = YES;
				CLANG_WARN_SUSPICIOUS_MOVE = YES;
				CLANG_WARN_UNGUARDED_AVAILABILITY = YES_AGGRESSIVE;
				CLANG_WARN_UNREACHABLE_CODE = YES;
				CLANG_WARN__DUPLICATE_METHOD_MATCH = YES;
				COPY_PHASE_STRIP = NO;
				DEBUG_INFORMATION_FORMAT = dwarf;
				ENABLE_STRICT_OBJC_MSGSEND = YES;
				ENABLE_TESTABILITY = YES;
				ENABLE_USER_SCRIPT_SANDBOXING = YES;
				GCC_C_LANGUAGE_STANDARD = gnu17;
				GCC_DYNAMIC_NO_PIC = NO;
				GCC_NO_COMMON_BLOCKS = YES;
				GCC_OPTIMIZATION_LEVEL = 0;
				GCC_PREPROCESSOR_DEFINITIONS = (
					"DEBUG=1",
					"$(inherited)",
				);
				GCC_WARN_64_TO_32_BIT_CONVERSION = YES;
				GCC_WARN_ABOUT_RETURN_TYPE = YES_ERROR;
				GCC_WARN_UNDECLARED_SELECTOR = YES;
				GCC_WARN_UNINITIALIZED_AUTOS = YES_AGGRESSIVE;
				GCC_WARN_UNUSED_FUNCTION = YES;
				GCC_WARN_UNUSED_VARIABLE = YES;
				IPHONEOS_DEPLOYMENT_TARGET = 17.0;
				LOCALIZATION_PREFERS_STRING_CATALOGS = YES;
				MTL_ENABLE_DEBUG_INFO = INCLUDE_SOURCE;
				MTL_FAST_MATH = YES;
				ONLY_ACTIVE_ARCH = YES;
				SDKROOT = iphoneos;
				SWIFT_ACTIVE_COMPILATION_CONDITIONS = "DEBUG $(inherited)";
				SWIFT_OPTIMIZATION_LEVEL = "-Onone";
			};
			name = Debug;
		};
		08B7D55F2AF2DC4A00851FD5 /* Release */ = {
			isa = XCBuildConfiguration;
			buildSettings = {
				ALWAYS_SEARCH_USER_PATHS = NO;
				ASSETCATALOG_COMPILER_GENERATE_SWIFT_ASSET_SYMBOL_EXTENSIONS = YES;
				CLANG_ANALYZER_NONNULL = YES;
				CLANG_ANALYZER_NUMBER_OBJECT_CONVERSION = YES_AGGRESSIVE;
				CLANG_CXX_LANGUAGE_STANDARD = "gnu++20";
				CLANG_ENABLE_MODULES = YES;
				CLANG_ENABLE_OBJC_ARC = YES;
				CLANG_ENABLE_OBJC_WEAK = YES;
				CLANG_WARN_BLOCK_CAPTURE_AUTORELEASING = YES;
				CLANG_WARN_BOOL_CONVERSION = YES;
				CLANG_WARN_COMMA = YES;
				CLANG_WARN_CONSTANT_CONVERSION = YES;
				CLANG_WARN_DEPRECATED_OBJC_IMPLEMENTATIONS = YES;
				CLANG_WARN_DIRECT_OBJC_ISA_USAGE = YES_ERROR;
				CLANG_WARN_DOCUMENTATION_COMMENTS = YES;
				CLANG_WARN_EMPTY_BODY = YES;
				CLANG_WARN_ENUM_CONVERSION = YES;
				CLANG_WARN_INFINITE_RECURSION = YES;
				CLANG_WARN_INT_CONVERSION = YES;
				CLANG_WARN_NON_LITERAL_NULL_CONVERSION = YES;
				CLANG_WARN_OBJC_IMPLICIT_RETAIN_SELF = YES;
				CLANG_WARN_OBJC_LITERAL_CONVERSION = YES;
				CLANG_WARN_OBJC_ROOT_CLASS = YES_ERROR;
				CLANG_WARN_QUOTED_INCLUDE_IN_FRAMEWORK_HEADER = YES;
				CLANG_WARN_RANGE_LOOP_ANALYSIS = YES;
				CLANG_WARN_STRICT_PROTOTYPES = YES;
				CLANG_WARN_SUSPICIOUS_MOVE = YES;
				CLANG_WARN_UNGUARDED_AVAILABILITY = YES_AGGRESSIVE;
				CLANG_WARN_UNREACHABLE_CODE = YES;
				CLANG_WARN__DUPLICATE_METHOD_MATCH = YES;
				COPY_PHASE_STRIP = NO;
				DEBUG_INFORMATION_FORMAT = "dwarf-with-dsym";
				ENABLE_NS_ASSERTIONS = NO;
				ENABLE_STRICT_OBJC_MSGSEND = YES;
				ENABLE_USER_SCRIPT_SANDBOXING = YES;
				GCC_C_LANGUAGE_STANDARD = gnu17;
				GCC_NO_COMMON_BLOCKS = YES;
				GCC_WARN_64_TO_32_BIT_CONVERSION = YES;
				GCC_WARN_ABOUT_RETURN_TYPE = YES_ERROR;
				GCC_WARN_UNDECLARED_SELECTOR = YES;
				GCC_WARN_UNINITIALIZED_AUTOS = YES_AGGRESSIVE;
				GCC_WARN_UNUSED_FUNCTION = YES;
				GCC_WARN_UNUSED_VARIABLE = YES;
				IPHONEOS_DEPLOYMENT_TARGET = 17.0;
				LOCALIZATION_PREFERS_STRING_CATALOGS = YES;
				MTL_ENABLE_DEBUG_INFO = NO;
				MTL_FAST_MATH = YES;
				SDKROOT = iphoneos;
				SWIFT_COMPILATION_MODE = wholemodule;
				VALIDATE_PRODUCT = YES;
			};
			name = Release;
		};
		08B7D5612AF2DC4A00851FD5 /* Debug */ = {
			isa = XCBuildConfiguration;
			buildSettings = {
				ASSETCATALOG_COMPILER_APPICON_NAME = AppIcon;
				ASSETCATALOG_COMPILER_GLOBAL_ACCENT_COLOR_NAME = AccentColor;
				CODE_SIGN_STYLE = Automatic;
				CURRENT_PROJECT_VERSION = 1;
				DEVELOPMENT_ASSET_PATHS = "\"SGI-Driver-Test/Preview Content\"";
				DEVELOPMENT_TEAM = RDNPK2Q663;
				ENABLE_PREVIEWS = YES;
				GENERATE_INFOPLIST_FILE = YES;
				INFOPLIST_FILE = "SGI-Driver-Test/Info.plist";
				INFOPLIST_KEY_UIApplicationSceneManifest_Generation = YES;
				INFOPLIST_KEY_UIApplicationSupportsIndirectInputEvents = YES;
				INFOPLIST_KEY_UISupportedInterfaceOrientations_iPad = "UIInterfaceOrientationPortrait UIInterfaceOrientationPortraitUpsideDown UIInterfaceOrientationLandscapeLeft UIInterfaceOrientationLandscapeRight";
				INFOPLIST_KEY_UISupportedInterfaceOrientations_iPhone = "UIInterfaceOrientationPortrait UIInterfaceOrientationLandscapeLeft UIInterfaceOrientationLandscapeRight";
				IPHONEOS_DEPLOYMENT_TARGET = 17.0;
				LD_RUNPATH_SEARCH_PATHS = (
					"$(inherited)",
					"@executable_path/Frameworks",
				);
				MARKETING_VERSION = 1.0;
				PRODUCT_BUNDLE_IDENTIFIER = "me.kambiz.SGI-Driver-Test";
				PRODUCT_NAME = "$(TARGET_NAME)";
				SWIFT_EMIT_LOC_STRINGS = YES;
				SWIFT_VERSION = 5.0;
				TARGETED_DEVICE_FAMILY = "1,2";
			};
			name = Debug;
		};
		08B7D5622AF2DC4A00851FD5 /* Release */ = {
			isa = XCBuildConfiguration;
			buildSettings = {
				ASSETCATALOG_COMPILER_APPICON_NAME = AppIcon;
				ASSETCATALOG_COMPILER_GLOBAL_ACCENT_COLOR_NAME = AccentColor;
				CODE_SIGN_STYLE = Automatic;
				CURRENT_PROJECT_VERSION = 1;
				DEVELOPMENT_ASSET_PATHS = "\"SGI-Driver-Test/Preview Content\"";
				DEVELOPMENT_TEAM = RDNPK2Q663;
				ENABLE_PREVIEWS = YES;
				GENERATE_INFOPLIST_FILE = YES;
				INFOPLIST_FILE = "SGI-Driver-Test/Info.plist";
				INFOPLIST_KEY_UIApplicationSceneManifest_Generation = YES;
				INFOPLIST_KEY_UIApplicationSupportsIndirectInputEvents = YES;
				INFOPLIST_KEY_UISupportedInterfaceOrientations_iPad = "UIInterfaceOrientationPortrait UIInterfaceOrientationPortraitUpsideDown UIInterfaceOrientationLandscapeLeft UIInterfaceOrientationLandscapeRight";
				INFOPLIST_KEY_UISupportedInterfaceOrientations_iPhone = "UIInterfaceOrientationPortrait UIInterfaceOrientationLandscapeLeft UIInterfaceOrientationLandscapeRight";
				IPHONEOS_DEPLOYMENT_TARGET = 17.0;
				LD_RUNPATH_SEARCH_PATHS = (
					"$(inherited)",
					"@executable_path/Frameworks",
				);
				MARKETING_VERSION = 1.0;
				PRODUCT_BUNDLE_IDENTIFIER = "me.kambiz.SGI-Driver-Test";
				PRODUCT_NAME = "$(TARGET_NAME)";
				SWIFT_EMIT_LOC_STRINGS = YES;
				SWIFT_VERSION = 5.0;
				TARGETED_DEVICE_FAMILY = "1,2";
			};
			name = Release;
		};
/* End XCBuildConfiguration section */

/* Begin XCConfigurationList section */
		08B7D54D2AF2DC4900851FD5 /* Build configuration list for PBXProject "SGI-Driver-Test" */ = {
			isa = XCConfigurationList;
			buildConfigurations = (
				08B7D55E2AF2DC4A00851FD5 /* Debug */,
				08B7D55F2AF2DC4A00851FD5 /* Release */,
			);
			defaultConfigurationIsVisible = 0;
			defaultConfigurationName = Release;
		};
		08B7D5602AF2DC4A00851FD5 /* Build configuration list for PBXNativeTarget "SGI-Driver-Test" */ = {
			isa = XCConfigurationList;
			buildConfigurations = (
				08B7D5612AF2DC4A00851FD5 /* Debug */,
				08B7D5622AF2DC4A00851FD5 /* Release */,
			);
			defaultConfigurationIsVisible = 0;
			defaultConfigurationName = Release;
		};
/* End XCConfigurationList section */
	};
	rootObject = 08B7D54A2AF2DC4900851FD5 /* Project object */;
}
